// !$*UTF8*$!
{
	archiveVersion = 1;
	classes = {
	};
	objectVersion = 56;
	objects = {

/* Begin PBXBuildFile section */
		82862D032952F9E40013275F /* RiveRuntime in Frameworks */ = {isa = PBXBuildFile; productRef = 82862D022952F9E40013275F /* RiveRuntime */; };
		82862D63295300C50013275F /* UserView.swift in Sources */ = {isa = PBXBuildFile; fileRef = 82862D62295300C50013275F /* UserView.swift */; };
		82862D662953056D0013275F /* DataManager.swift in Sources */ = {isa = PBXBuildFile; fileRef = 82862D652953056D0013275F /* DataManager.swift */; };
		82862D68295305950013275F /* User.swift in Sources */ = {isa = PBXBuildFile; fileRef = 82862D67295305950013275F /* User.swift */; };
		82862D6A29530F970013275F /* AuthViewModel.swift in Sources */ = {isa = PBXBuildFile; fileRef = 82862D6929530F970013275F /* AuthViewModel.swift */; };
		82862D6C295313EC0013275F /* ImageSelectorController.swift in Sources */ = {isa = PBXBuildFile; fileRef = 82862D6B295313EC0013275F /* ImageSelectorController.swift */; };
		82862D6E29531A810013275F /* ImageUploader.swift in Sources */ = {isa = PBXBuildFile; fileRef = 82862D6D29531A810013275F /* ImageUploader.swift */; };
		82862D77295335740013275F /* UserService.swift in Sources */ = {isa = PBXBuildFile; fileRef = 82862D76295335740013275F /* UserService.swift */; };
		82862D7A29533B040013275F /* FirebaseAuth in Frameworks */ = {isa = PBXBuildFile; productRef = 82862D7929533B040013275F /* FirebaseAuth */; };
		82862D7C29533B040013275F /* FirebaseDatabase in Frameworks */ = {isa = PBXBuildFile; productRef = 82862D7B29533B040013275F /* FirebaseDatabase */; };
		82862D7E29533B040013275F /* FirebaseFirestore in Frameworks */ = {isa = PBXBuildFile; productRef = 82862D7D29533B040013275F /* FirebaseFirestore */; };
		82862D8029533B040013275F /* FirebaseFirestoreSwift in Frameworks */ = {isa = PBXBuildFile; productRef = 82862D7F29533B040013275F /* FirebaseFirestoreSwift */; };
		82862D8229533B040013275F /* FirebaseStorage in Frameworks */ = {isa = PBXBuildFile; productRef = 82862D8129533B040013275F /* FirebaseStorage */; };
		82862D84295347640013275F /* TabEnum.swift in Sources */ = {isa = PBXBuildFile; fileRef = 82862D83295347640013275F /* TabEnum.swift */; };
		82862D8629534D550013275F /* Fonts.swift in Sources */ = {isa = PBXBuildFile; fileRef = 82862D8529534D550013275F /* Fonts.swift */; };
		82862D8929535DA60013275F /* Kingfisher in Frameworks */ = {isa = PBXBuildFile; productRef = 82862D8829535DA60013275F /* Kingfisher */; };
		829DA0322952217400CED4DE /* cup_loader.riv in Resources */ = {isa = PBXBuildFile; fileRef = 829DA0312952217400CED4DE /* cup_loader.riv */; };
		82A8B61529559E9900AAFD43 /* Workout.swift in Sources */ = {isa = PBXBuildFile; fileRef = 82A8B61429559E9900AAFD43 /* Workout.swift */; };
		82A8B61729559FB400AAFD43 /* HorizontalListItem.swift in Sources */ = {isa = PBXBuildFile; fileRef = 82A8B61629559FB400AAFD43 /* HorizontalListItem.swift */; };
		82A8B6192955A44000AAFD43 /* VerticalCard.swift in Sources */ = {isa = PBXBuildFile; fileRef = 82A8B6182955A44000AAFD43 /* VerticalCard.swift */; };
		82A8B61B2955E92700AAFD43 /* WorkoutDialogView.swift in Sources */ = {isa = PBXBuildFile; fileRef = 82A8B61A2955E92700AAFD43 /* WorkoutDialogView.swift */; };
		82C147D92954495E00050B8C /* InfoView.swift in Sources */ = {isa = PBXBuildFile; fileRef = 82C147D82954495E00050B8C /* InfoView.swift */; };
		82C147DB295449AA00050B8C /* HistoryView.swift in Sources */ = {isa = PBXBuildFile; fileRef = 82C147DA295449AA00050B8C /* HistoryView.swift */; };
		82C147DD29548CB500050B8C /* ViewModel.swift in Sources */ = {isa = PBXBuildFile; fileRef = 82C147DC29548CB500050B8C /* ViewModel.swift */; };
		82C147DF2954B6A000050B8C /* InfoDetailView.swift in Sources */ = {isa = PBXBuildFile; fileRef = 82C147DE2954B6A000050B8C /* InfoDetailView.swift */; };
		82C147E22954BB2300050B8C /* SDWebImageSwiftUI in Frameworks */ = {isa = PBXBuildFile; productRef = 82C147E12954BB2300050B8C /* SDWebImageSwiftUI */; };
		82C2F12C295368960009F896 /* WorkoutView.swift in Sources */ = {isa = PBXBuildFile; fileRef = 82C2F12B295368960009F896 /* WorkoutView.swift */; };
		82C7BB61294F267100B25CC2 /* iOS_app_gymApp.swift in Sources */ = {isa = PBXBuildFile; fileRef = 82C7BB60294F267100B25CC2 /* iOS_app_gymApp.swift */; };
		82C7BB63294F267100B25CC2 /* ContentView.swift in Sources */ = {isa = PBXBuildFile; fileRef = 82C7BB62294F267100B25CC2 /* ContentView.swift */; };
		82C7BB65294F267200B25CC2 /* Assets.xcassets in Resources */ = {isa = PBXBuildFile; fileRef = 82C7BB64294F267200B25CC2 /* Assets.xcassets */; };
		82C7BB68294F267200B25CC2 /* Preview Assets.xcassets in Resources */ = {isa = PBXBuildFile; fileRef = 82C7BB67294F267200B25CC2 /* Preview Assets.xcassets */; };
		82C7BB70294F2A8F00B25CC2 /* Extensions.swift in Sources */ = {isa = PBXBuildFile; fileRef = 82C7BB6F294F2A8F00B25CC2 /* Extensions.swift */; };
		82C7BB77294F503400B25CC2 /* GoogleService-Info.plist in Resources */ = {isa = PBXBuildFile; fileRef = 82C7BB76294F503300B25CC2 /* GoogleService-Info.plist */; };
		82C7BB79294F56E400B25CC2 /* OverviewView.swift in Sources */ = {isa = PBXBuildFile; fileRef = 82C7BB78294F56E400B25CC2 /* OverviewView.swift */; };
		82C7BB7B294F599C00B25CC2 /* LoginRegisterView.swift in Sources */ = {isa = PBXBuildFile; fileRef = 82C7BB7A294F599C00B25CC2 /* LoginRegisterView.swift */; };
		82C7BB7F294F6F6600B25CC2 /* LoginView.swift in Sources */ = {isa = PBXBuildFile; fileRef = 82C7BB7E294F6F6600B25CC2 /* LoginView.swift */; };
		82C7BB81294F73A000B25CC2 /* RegisterView.swift in Sources */ = {isa = PBXBuildFile; fileRef = 82C7BB80294F73A000B25CC2 /* RegisterView.swift */; };
		82CDC54829506DF4009FAB28 /* ExploreHorizontalCard.swift in Sources */ = {isa = PBXBuildFile; fileRef = 82CDC54729506DF4009FAB28 /* ExploreHorizontalCard.swift */; };
		82CDC54A29506E5D009FAB28 /* InfoSegment.swift in Sources */ = {isa = PBXBuildFile; fileRef = 82CDC54929506E5D009FAB28 /* InfoSegment.swift */; };
		82CDC54D29506E76009FAB28 /* InfoBlock.swift in Sources */ = {isa = PBXBuildFile; fileRef = 82CDC54C29506E76009FAB28 /* InfoBlock.swift */; };
		82CDC54F29506F23009FAB28 /* InfoItem.swift in Sources */ = {isa = PBXBuildFile; fileRef = 82CDC54E29506F23009FAB28 /* InfoItem.swift */; };
		82CDC55229507398009FAB28 /* TabBarView.swift in Sources */ = {isa = PBXBuildFile; fileRef = 82CDC55129507398009FAB28 /* TabBarView.swift */; };
		82D8CFED295752460082FFB6 /* HistoryDetailView.swift in Sources */ = {isa = PBXBuildFile; fileRef = 82D8CFEC295752460082FFB6 /* HistoryDetailView.swift */; };
/* End PBXBuildFile section */

/* Begin PBXFileReference section */
		8215B2912950CCF700326055 /* animated-icons.riv */ = {isa = PBXFileReference; lastKnownFileType = file; path = "animated-icons.riv"; sourceTree = "<group>"; };
		82862D62295300C50013275F /* UserView.swift */ = {isa = PBXFileReference; lastKnownFileType = sourcecode.swift; path = UserView.swift; sourceTree = "<group>"; };
		82862D652953056D0013275F /* DataManager.swift */ = {isa = PBXFileReference; lastKnownFileType = sourcecode.swift; path = DataManager.swift; sourceTree = "<group>"; };
		82862D67295305950013275F /* User.swift */ = {isa = PBXFileReference; lastKnownFileType = sourcecode.swift; path = User.swift; sourceTree = "<group>"; };
		82862D6929530F970013275F /* AuthViewModel.swift */ = {isa = PBXFileReference; lastKnownFileType = sourcecode.swift; path = AuthViewModel.swift; sourceTree = "<group>"; };
		82862D6B295313EC0013275F /* ImageSelectorController.swift */ = {isa = PBXFileReference; lastKnownFileType = sourcecode.swift; path = ImageSelectorController.swift; sourceTree = "<group>"; };
		82862D6D29531A810013275F /* ImageUploader.swift */ = {isa = PBXFileReference; lastKnownFileType = sourcecode.swift; path = ImageUploader.swift; sourceTree = "<group>"; };
		82862D76295335740013275F /* UserService.swift */ = {isa = PBXFileReference; lastKnownFileType = sourcecode.swift; path = UserService.swift; sourceTree = "<group>"; };
		82862D83295347640013275F /* TabEnum.swift */ = {isa = PBXFileReference; lastKnownFileType = sourcecode.swift; path = TabEnum.swift; sourceTree = "<group>"; };
		82862D8529534D550013275F /* Fonts.swift */ = {isa = PBXFileReference; lastKnownFileType = sourcecode.swift; path = Fonts.swift; sourceTree = "<group>"; };
		829DA0312952217400CED4DE /* cup_loader.riv */ = {isa = PBXFileReference; lastKnownFileType = file; path = cup_loader.riv; sourceTree = "<group>"; };
		82A8B61429559E9900AAFD43 /* Workout.swift */ = {isa = PBXFileReference; lastKnownFileType = sourcecode.swift; path = Workout.swift; sourceTree = "<group>"; };
		82A8B61629559FB400AAFD43 /* HorizontalListItem.swift */ = {isa = PBXFileReference; lastKnownFileType = sourcecode.swift; path = HorizontalListItem.swift; sourceTree = "<group>"; };
		82A8B6182955A44000AAFD43 /* VerticalCard.swift */ = {isa = PBXFileReference; lastKnownFileType = sourcecode.swift; path = VerticalCard.swift; sourceTree = "<group>"; };
		82A8B61A2955E92700AAFD43 /* WorkoutDialogView.swift */ = {isa = PBXFileReference; lastKnownFileType = sourcecode.swift; path = WorkoutDialogView.swift; sourceTree = "<group>"; };
		82C147D82954495E00050B8C /* InfoView.swift */ = {isa = PBXFileReference; lastKnownFileType = sourcecode.swift; path = InfoView.swift; sourceTree = "<group>"; };
		82C147DA295449AA00050B8C /* HistoryView.swift */ = {isa = PBXFileReference; lastKnownFileType = sourcecode.swift; path = HistoryView.swift; sourceTree = "<group>"; };
		82C147DC29548CB500050B8C /* ViewModel.swift */ = {isa = PBXFileReference; lastKnownFileType = sourcecode.swift; path = ViewModel.swift; sourceTree = "<group>"; };
		82C147DE2954B6A000050B8C /* InfoDetailView.swift */ = {isa = PBXFileReference; lastKnownFileType = sourcecode.swift; path = InfoDetailView.swift; sourceTree = "<group>"; };
		82C2F12B295368960009F896 /* WorkoutView.swift */ = {isa = PBXFileReference; lastKnownFileType = sourcecode.swift; path = WorkoutView.swift; sourceTree = "<group>"; };
		82C7BB5D294F267100B25CC2 /* iOS-app-gym.app */ = {isa = PBXFileReference; explicitFileType = wrapper.application; includeInIndex = 0; path = "iOS-app-gym.app"; sourceTree = BUILT_PRODUCTS_DIR; };
		82C7BB60294F267100B25CC2 /* iOS_app_gymApp.swift */ = {isa = PBXFileReference; lastKnownFileType = sourcecode.swift; path = iOS_app_gymApp.swift; sourceTree = "<group>"; };
		82C7BB62294F267100B25CC2 /* ContentView.swift */ = {isa = PBXFileReference; lastKnownFileType = sourcecode.swift; path = ContentView.swift; sourceTree = "<group>"; };
		82C7BB64294F267200B25CC2 /* Assets.xcassets */ = {isa = PBXFileReference; lastKnownFileType = folder.assetcatalog; path = Assets.xcassets; sourceTree = "<group>"; };
		82C7BB67294F267200B25CC2 /* Preview Assets.xcassets */ = {isa = PBXFileReference; lastKnownFileType = folder.assetcatalog; path = "Preview Assets.xcassets"; sourceTree = "<group>"; };
		82C7BB6F294F2A8F00B25CC2 /* Extensions.swift */ = {isa = PBXFileReference; lastKnownFileType = sourcecode.swift; path = Extensions.swift; sourceTree = "<group>"; };
		82C7BB76294F503300B25CC2 /* GoogleService-Info.plist */ = {isa = PBXFileReference; fileEncoding = 4; lastKnownFileType = text.plist.xml; path = "GoogleService-Info.plist"; sourceTree = "<group>"; };
		82C7BB78294F56E400B25CC2 /* OverviewView.swift */ = {isa = PBXFileReference; lastKnownFileType = sourcecode.swift; path = OverviewView.swift; sourceTree = "<group>"; };
		82C7BB7A294F599C00B25CC2 /* LoginRegisterView.swift */ = {isa = PBXFileReference; lastKnownFileType = sourcecode.swift; path = LoginRegisterView.swift; sourceTree = "<group>"; };
		82C7BB7E294F6F6600B25CC2 /* LoginView.swift */ = {isa = PBXFileReference; lastKnownFileType = sourcecode.swift; path = LoginView.swift; sourceTree = "<group>"; };
		82C7BB80294F73A000B25CC2 /* RegisterView.swift */ = {isa = PBXFileReference; lastKnownFileType = sourcecode.swift; path = RegisterView.swift; sourceTree = "<group>"; };
		82CDC54729506DF4009FAB28 /* ExploreHorizontalCard.swift */ = {isa = PBXFileReference; lastKnownFileType = sourcecode.swift; path = ExploreHorizontalCard.swift; sourceTree = "<group>"; };
		82CDC54929506E5D009FAB28 /* InfoSegment.swift */ = {isa = PBXFileReference; lastKnownFileType = sourcecode.swift; path = InfoSegment.swift; sourceTree = "<group>"; };
		82CDC54C29506E76009FAB28 /* InfoBlock.swift */ = {isa = PBXFileReference; lastKnownFileType = sourcecode.swift; path = InfoBlock.swift; sourceTree = "<group>"; };
		82CDC54E29506F23009FAB28 /* InfoItem.swift */ = {isa = PBXFileReference; lastKnownFileType = sourcecode.swift; path = InfoItem.swift; sourceTree = "<group>"; };
		82CDC55129507398009FAB28 /* TabBarView.swift */ = {isa = PBXFileReference; lastKnownFileType = sourcecode.swift; path = TabBarView.swift; sourceTree = "<group>"; };
		82CDC5592950C347009FAB28 /* check.riv */ = {isa = PBXFileReference; lastKnownFileType = file; path = check.riv; sourceTree = "<group>"; };
		82CDC55A2950C347009FAB28 /* menu_button.riv */ = {isa = PBXFileReference; lastKnownFileType = file; path = menu_button.riv; sourceTree = "<group>"; };
		82CDC55B2950C348009FAB28 /* button.riv */ = {isa = PBXFileReference; lastKnownFileType = file; path = button.riv; sourceTree = "<group>"; };
		82CDC55C2950C348009FAB28 /* shapes.riv */ = {isa = PBXFileReference; lastKnownFileType = file; path = shapes.riv; sourceTree = "<group>"; };
		82CDC55D2950C348009FAB28 /* icons.riv */ = {isa = PBXFileReference; lastKnownFileType = file; path = icons.riv; sourceTree = "<group>"; };
		82CDC55E2950C348009FAB28 /* confetti.riv */ = {isa = PBXFileReference; lastKnownFileType = file; path = confetti.riv; sourceTree = "<group>"; };
		82CDC55F2950C348009FAB28 /* house.riv */ = {isa = PBXFileReference; lastKnownFileType = file; path = house.riv; sourceTree = "<group>"; };
		82CDC5602950C356009FAB28 /* add_icon.riv */ = {isa = PBXFileReference; lastKnownFileType = file; path = add_icon.riv; sourceTree = "<group>"; };
		82D8CFEC295752460082FFB6 /* HistoryDetailView.swift */ = {isa = PBXFileReference; lastKnownFileType = sourcecode.swift; path = HistoryDetailView.swift; sourceTree = "<group>"; };
/* End PBXFileReference section */

/* Begin PBXFrameworksBuildPhase section */
		82C7BB5A294F267100B25CC2 /* Frameworks */ = {
			isa = PBXFrameworksBuildPhase;
			buildActionMask = 2147483647;
			files = (
				82862D032952F9E40013275F /* RiveRuntime in Frameworks */,
				82862D7A29533B040013275F /* FirebaseAuth in Frameworks */,
				82862D7C29533B040013275F /* FirebaseDatabase in Frameworks */,
				82862D7E29533B040013275F /* FirebaseFirestore in Frameworks */,
				82C147E22954BB2300050B8C /* SDWebImageSwiftUI in Frameworks */,
				82862D8929535DA60013275F /* Kingfisher in Frameworks */,
				82862D8229533B040013275F /* FirebaseStorage in Frameworks */,
				82862D8029533B040013275F /* FirebaseFirestoreSwift in Frameworks */,
			);
			runOnlyForDeploymentPostprocessing = 0;
		};
/* End PBXFrameworksBuildPhase section */

/* Begin PBXGroup section */
		82862D642953054E0013275F /* Firebase */ = {
			isa = PBXGroup;
			children = (
				82862D652953056D0013275F /* DataManager.swift */,
				82862D6929530F970013275F /* AuthViewModel.swift */,
				82862D76295335740013275F /* UserService.swift */,
			);
			path = Firebase;
			sourceTree = "<group>";
		};
		82C7BB54294F267100B25CC2 = {
			isa = PBXGroup;
			children = (
				82C7BB5F294F267100B25CC2 /* iOS-app-gym */,
				82C7BB5E294F267100B25CC2 /* Products */,
			);
			sourceTree = "<group>";
		};
		82C7BB5E294F267100B25CC2 /* Products */ = {
			isa = PBXGroup;
			children = (
				82C7BB5D294F267100B25CC2 /* iOS-app-gym.app */,
			);
			name = Products;
			sourceTree = "<group>";
		};
		82C7BB5F294F267100B25CC2 /* iOS-app-gym */ = {
			isa = PBXGroup;
			children = (
				82862D642953054E0013275F /* Firebase */,
				82CDC5572950C2E0009FAB28 /* Rive */,
				82CDC55029507052009FAB28 /* Navigation */,
				82CDC54B29506E6A009FAB28 /* Models */,
				82CDC54629506D45009FAB28 /* Components */,
				82CDC54529506D3B009FAB28 /* Views */,
				82C7BB6E294F2A7800B25CC2 /* Extensions */,
				82C7BB60294F267100B25CC2 /* iOS_app_gymApp.swift */,
				82C7BB62294F267100B25CC2 /* ContentView.swift */,
				82C7BB64294F267200B25CC2 /* Assets.xcassets */,
				82C7BB76294F503300B25CC2 /* GoogleService-Info.plist */,
				82C7BB66294F267200B25CC2 /* Preview Content */,
			);
			path = "iOS-app-gym";
			sourceTree = "<group>";
		};
		82C7BB66294F267200B25CC2 /* Preview Content */ = {
			isa = PBXGroup;
			children = (
				82C7BB67294F267200B25CC2 /* Preview Assets.xcassets */,
			);
			path = "Preview Content";
			sourceTree = "<group>";
		};
		82C7BB6E294F2A7800B25CC2 /* Extensions */ = {
			isa = PBXGroup;
			children = (
				82CDC54229505E75009FAB28 /* Addons */,
				82C7BB6F294F2A8F00B25CC2 /* Extensions.swift */,
			);
			path = Extensions;
			sourceTree = "<group>";
		};
		82CDC54229505E75009FAB28 /* Addons */ = {
			isa = PBXGroup;
			children = (
				82862D6B295313EC0013275F /* ImageSelectorController.swift */,
				82862D6D29531A810013275F /* ImageUploader.swift */,
				82862D8529534D550013275F /* Fonts.swift */,
			);
			path = Addons;
			sourceTree = "<group>";
		};
		82CDC54529506D3B009FAB28 /* Views */ = {
			isa = PBXGroup;
			children = (
				82C7BB78294F56E400B25CC2 /* OverviewView.swift */,
				82C7BB7A294F599C00B25CC2 /* LoginRegisterView.swift */,
				82C7BB7E294F6F6600B25CC2 /* LoginView.swift */,
				82C7BB80294F73A000B25CC2 /* RegisterView.swift */,
				82862D62295300C50013275F /* UserView.swift */,
				82C2F12B295368960009F896 /* WorkoutView.swift */,
				82C147D82954495E00050B8C /* InfoView.swift */,
				82C147DA295449AA00050B8C /* HistoryView.swift */,
				82C147DE2954B6A000050B8C /* InfoDetailView.swift */,
				82A8B61A2955E92700AAFD43 /* WorkoutDialogView.swift */,
				82D8CFEC295752460082FFB6 /* HistoryDetailView.swift */,
			);
			path = Views;
			sourceTree = "<group>";
		};
		82CDC54629506D45009FAB28 /* Components */ = {
			isa = PBXGroup;
			children = (
				82CDC54729506DF4009FAB28 /* ExploreHorizontalCard.swift */,
				82CDC54929506E5D009FAB28 /* InfoSegment.swift */,
				82CDC54E29506F23009FAB28 /* InfoItem.swift */,
				82A8B61629559FB400AAFD43 /* HorizontalListItem.swift */,
				82A8B6182955A44000AAFD43 /* VerticalCard.swift */,
			);
			path = Components;
			sourceTree = "<group>";
		};
		82CDC54B29506E6A009FAB28 /* Models */ = {
			isa = PBXGroup;
			children = (
				82CDC54C29506E76009FAB28 /* InfoBlock.swift */,
				82862D67295305950013275F /* User.swift */,
				82C147DC29548CB500050B8C /* ViewModel.swift */,
				82A8B61429559E9900AAFD43 /* Workout.swift */,
			);
			path = Models;
			sourceTree = "<group>";
		};
		82CDC55029507052009FAB28 /* Navigation */ = {
			isa = PBXGroup;
			children = (
				82CDC55129507398009FAB28 /* TabBarView.swift */,
				82862D83295347640013275F /* TabEnum.swift */,
			);
			path = Navigation;
			sourceTree = "<group>";
		};
		82CDC5572950C2E0009FAB28 /* Rive */ = {
			isa = PBXGroup;
			children = (
				82CDC55D2950C348009FAB28 /* icons.riv */,
				82CDC55F2950C348009FAB28 /* house.riv */,
				829DA0312952217400CED4DE /* cup_loader.riv */,
				8215B2912950CCF700326055 /* animated-icons.riv */,
				82CDC55A2950C347009FAB28 /* menu_button.riv */,
				82CDC55C2950C348009FAB28 /* shapes.riv */,
				82CDC5602950C356009FAB28 /* add_icon.riv */,
				82CDC55B2950C348009FAB28 /* button.riv */,
				82CDC5592950C347009FAB28 /* check.riv */,
				82CDC55E2950C348009FAB28 /* confetti.riv */,
			);
			path = Rive;
			sourceTree = "<group>";
		};
/* End PBXGroup section */

/* Begin PBXNativeTarget section */
		82C7BB5C294F267100B25CC2 /* iOS-app-gym */ = {
			isa = PBXNativeTarget;
			buildConfigurationList = 82C7BB6B294F267200B25CC2 /* Build configuration list for PBXNativeTarget "iOS-app-gym" */;
			buildPhases = (
				82C7BB59294F267100B25CC2 /* Sources */,
				82C7BB5A294F267100B25CC2 /* Frameworks */,
				82C7BB5B294F267100B25CC2 /* Resources */,
			);
			buildRules = (
			);
			dependencies = (
			);
			name = "iOS-app-gym";
			packageProductDependencies = (
				82862D022952F9E40013275F /* RiveRuntime */,
				82862D7929533B040013275F /* FirebaseAuth */,
				82862D7B29533B040013275F /* FirebaseDatabase */,
				82862D7D29533B040013275F /* FirebaseFirestore */,
				82862D7F29533B040013275F /* FirebaseFirestoreSwift */,
				82862D8129533B040013275F /* FirebaseStorage */,
				82862D8829535DA60013275F /* Kingfisher */,
				82C147E12954BB2300050B8C /* SDWebImageSwiftUI */,
			);
			productName = "iOS-app-gym";
			productReference = 82C7BB5D294F267100B25CC2 /* iOS-app-gym.app */;
			productType = "com.apple.product-type.application";
		};
/* End PBXNativeTarget section */

/* Begin PBXProject section */
		82C7BB55294F267100B25CC2 /* Project object */ = {
			isa = PBXProject;
			attributes = {
				BuildIndependentTargetsInParallel = 1;
				LastSwiftUpdateCheck = 1400;
				LastUpgradeCheck = 1400;
				TargetAttributes = {
					82C7BB5C294F267100B25CC2 = {
						CreatedOnToolsVersion = 14.0.1;
					};
				};
			};
			buildConfigurationList = 82C7BB58294F267100B25CC2 /* Build configuration list for PBXProject "iOS-app-gym" */;
			compatibilityVersion = "Xcode 14.0";
			developmentRegion = en;
			hasScannedForEncodings = 0;
			knownRegions = (
				en,
				Base,
			);
			mainGroup = 82C7BB54294F267100B25CC2;
			packageReferences = (
				82862D012952F9E40013275F /* XCRemoteSwiftPackageReference "rive-ios" */,
				82862D7829533B040013275F /* XCRemoteSwiftPackageReference "firebase-ios-sdk" */,
				82862D8729535DA60013275F /* XCRemoteSwiftPackageReference "Kingfisher" */,
				82C147E02954BB2300050B8C /* XCRemoteSwiftPackageReference "SDWebImageSwiftUI" */,
			);
			productRefGroup = 82C7BB5E294F267100B25CC2 /* Products */;
			projectDirPath = "";
			projectRoot = "";
			targets = (
				82C7BB5C294F267100B25CC2 /* iOS-app-gym */,
			);
		};
/* End PBXProject section */

/* Begin PBXResourcesBuildPhase section */
		82C7BB5B294F267100B25CC2 /* Resources */ = {
			isa = PBXResourcesBuildPhase;
			buildActionMask = 2147483647;
			files = (
				82C7BB68294F267200B25CC2 /* Preview Assets.xcassets in Resources */,
				82C7BB65294F267200B25CC2 /* Assets.xcassets in Resources */,
				82C7BB77294F503400B25CC2 /* GoogleService-Info.plist in Resources */,
				829DA0322952217400CED4DE /* cup_loader.riv in Resources */,
			);
			runOnlyForDeploymentPostprocessing = 0;
		};
/* End PBXResourcesBuildPhase section */

/* Begin PBXSourcesBuildPhase section */
		82C7BB59294F267100B25CC2 /* Sources */ = {
			isa = PBXSourcesBuildPhase;
			buildActionMask = 2147483647;
			files = (
				82C2F12C295368960009F896 /* WorkoutView.swift in Sources */,
				82C147DB295449AA00050B8C /* HistoryView.swift in Sources */,
				82862D84295347640013275F /* TabEnum.swift in Sources */,
				82C7BB63294F267100B25CC2 /* ContentView.swift in Sources */,
				82CDC54829506DF4009FAB28 /* ExploreHorizontalCard.swift in Sources */,
				82C147DD29548CB500050B8C /* ViewModel.swift in Sources */,
				82C7BB7F294F6F6600B25CC2 /* LoginView.swift in Sources */,
				82862D662953056D0013275F /* DataManager.swift in Sources */,
				82D8CFED295752460082FFB6 /* HistoryDetailView.swift in Sources */,
				82C7BB70294F2A8F00B25CC2 /* Extensions.swift in Sources */,
				82862D6E29531A810013275F /* ImageUploader.swift in Sources */,
				82862D8629534D550013275F /* Fonts.swift in Sources */,
				82C7BB81294F73A000B25CC2 /* RegisterView.swift in Sources */,
				82C7BB61294F267100B25CC2 /* iOS_app_gymApp.swift in Sources */,
				82C147DF2954B6A000050B8C /* InfoDetailView.swift in Sources */,
				82A8B61529559E9900AAFD43 /* Workout.swift in Sources */,
				82CDC54A29506E5D009FAB28 /* InfoSegment.swift in Sources */,
				82862D68295305950013275F /* User.swift in Sources */,
				82CDC54D29506E76009FAB28 /* InfoBlock.swift in Sources */,
				82A8B6192955A44000AAFD43 /* VerticalCard.swift in Sources */,
				82CDC54F29506F23009FAB28 /* InfoItem.swift in Sources */,
				82C147D92954495E00050B8C /* InfoView.swift in Sources */,
				82862D6C295313EC0013275F /* ImageSelectorController.swift in Sources */,
				82862D77295335740013275F /* UserService.swift in Sources */,
				82C7BB79294F56E400B25CC2 /* OverviewView.swift in Sources */,
				82A8B61B2955E92700AAFD43 /* WorkoutDialogView.swift in Sources */,
				82862D6A29530F970013275F /* AuthViewModel.swift in Sources */,
				82A8B61729559FB400AAFD43 /* HorizontalListItem.swift in Sources */,
				82862D63295300C50013275F /* UserView.swift in Sources */,
				82CDC55229507398009FAB28 /* TabBarView.swift in Sources */,
				82C7BB7B294F599C00B25CC2 /* LoginRegisterView.swift in Sources */,
			);
			runOnlyForDeploymentPostprocessing = 0;
		};
/* End PBXSourcesBuildPhase section */

/* Begin XCBuildConfiguration section */
		82C7BB69294F267200B25CC2 /* Debug */ = {
			isa = XCBuildConfiguration;
			buildSettings = {
				ALWAYS_SEARCH_USER_PATHS = NO;
				CLANG_ANALYZER_NONNULL = YES;
				CLANG_ANALYZER_NUMBER_OBJECT_CONVERSION = YES_AGGRESSIVE;
				CLANG_CXX_LANGUAGE_STANDARD = "gnu++20";
				CLANG_ENABLE_MODULES = YES;
				CLANG_ENABLE_OBJC_ARC = YES;
				CLANG_ENABLE_OBJC_WEAK = YES;
				CLANG_WARN_BLOCK_CAPTURE_AUTORELEASING = YES;
				CLANG_WARN_BOOL_CONVERSION = YES;
				CLANG_WARN_COMMA = YES;
				CLANG_WARN_CONSTANT_CONVERSION = YES;
				CLANG_WARN_DEPRECATED_OBJC_IMPLEMENTATIONS = YES;
				CLANG_WARN_DIRECT_OBJC_ISA_USAGE = YES_ERROR;
				CLANG_WARN_DOCUMENTATION_COMMENTS = YES;
				CLANG_WARN_EMPTY_BODY = YES;
				CLANG_WARN_ENUM_CONVERSION = YES;
				CLANG_WARN_INFINITE_RECURSION = YES;
				CLANG_WARN_INT_CONVERSION = YES;
				CLANG_WARN_NON_LITERAL_NULL_CONVERSION = YES;
				CLANG_WARN_OBJC_IMPLICIT_RETAIN_SELF = YES;
				CLANG_WARN_OBJC_LITERAL_CONVERSION = YES;
				CLANG_WARN_OBJC_ROOT_CLASS = YES_ERROR;
				CLANG_WARN_QUOTED_INCLUDE_IN_FRAMEWORK_HEADER = YES;
				CLANG_WARN_RANGE_LOOP_ANALYSIS = YES;
				CLANG_WARN_STRICT_PROTOTYPES = YES;
				CLANG_WARN_SUSPICIOUS_MOVE = YES;
				CLANG_WARN_UNGUARDED_AVAILABILITY = YES_AGGRESSIVE;
				CLANG_WARN_UNREACHABLE_CODE = YES;
				CLANG_WARN__DUPLICATE_METHOD_MATCH = YES;
				COPY_PHASE_STRIP = NO;
				DEBUG_INFORMATION_FORMAT = dwarf;
				ENABLE_STRICT_OBJC_MSGSEND = YES;
				ENABLE_TESTABILITY = YES;
				GCC_C_LANGUAGE_STANDARD = gnu11;
				GCC_DYNAMIC_NO_PIC = NO;
				GCC_NO_COMMON_BLOCKS = YES;
				GCC_OPTIMIZATION_LEVEL = 0;
				GCC_PREPROCESSOR_DEFINITIONS = (
					"DEBUG=1",
					"$(inherited)",
				);
				GCC_WARN_64_TO_32_BIT_CONVERSION = YES;
				GCC_WARN_ABOUT_RETURN_TYPE = YES_ERROR;
				GCC_WARN_UNDECLARED_SELECTOR = YES;
				GCC_WARN_UNINITIALIZED_AUTOS = YES_AGGRESSIVE;
				GCC_WARN_UNUSED_FUNCTION = YES;
				GCC_WARN_UNUSED_VARIABLE = YES;
				IPHONEOS_DEPLOYMENT_TARGET = 16.0;
				MTL_ENABLE_DEBUG_INFO = INCLUDE_SOURCE;
				MTL_FAST_MATH = YES;
				ONLY_ACTIVE_ARCH = YES;
				SDKROOT = iphoneos;
				SWIFT_ACTIVE_COMPILATION_CONDITIONS = DEBUG;
				SWIFT_OPTIMIZATION_LEVEL = "-Onone";
			};
			name = Debug;
		};
		82C7BB6A294F267200B25CC2 /* Release */ = {
			isa = XCBuildConfiguration;
			buildSettings = {
				ALWAYS_SEARCH_USER_PATHS = NO;
				CLANG_ANALYZER_NONNULL = YES;
				CLANG_ANALYZER_NUMBER_OBJECT_CONVERSION = YES_AGGRESSIVE;
				CLANG_CXX_LANGUAGE_STANDARD = "gnu++20";
				CLANG_ENABLE_MODULES = YES;
				CLANG_ENABLE_OBJC_ARC = YES;
				CLANG_ENABLE_OBJC_WEAK = YES;
				CLANG_WARN_BLOCK_CAPTURE_AUTORELEASING = YES;
				CLANG_WARN_BOOL_CONVERSION = YES;
				CLANG_WARN_COMMA = YES;
				CLANG_WARN_CONSTANT_CONVERSION = YES;
				CLANG_WARN_DEPRECATED_OBJC_IMPLEMENTATIONS = YES;
				CLANG_WARN_DIRECT_OBJC_ISA_USAGE = YES_ERROR;
				CLANG_WARN_DOCUMENTATION_COMMENTS = YES;
				CLANG_WARN_EMPTY_BODY = YES;
				CLANG_WARN_ENUM_CONVERSION = YES;
				CLANG_WARN_INFINITE_RECURSION = YES;
				CLANG_WARN_INT_CONVERSION = YES;
				CLANG_WARN_NON_LITERAL_NULL_CONVERSION = YES;
				CLANG_WARN_OBJC_IMPLICIT_RETAIN_SELF = YES;
				CLANG_WARN_OBJC_LITERAL_CONVERSION = YES;
				CLANG_WARN_OBJC_ROOT_CLASS = YES_ERROR;
				CLANG_WARN_QUOTED_INCLUDE_IN_FRAMEWORK_HEADER = YES;
				CLANG_WARN_RANGE_LOOP_ANALYSIS = YES;
				CLANG_WARN_STRICT_PROTOTYPES = YES;
				CLANG_WARN_SUSPICIOUS_MOVE = YES;
				CLANG_WARN_UNGUARDED_AVAILABILITY = YES_AGGRESSIVE;
				CLANG_WARN_UNREACHABLE_CODE = YES;
				CLANG_WARN__DUPLICATE_METHOD_MATCH = YES;
				COPY_PHASE_STRIP = NO;
				DEBUG_INFORMATION_FORMAT = "dwarf-with-dsym";
				ENABLE_NS_ASSERTIONS = NO;
				ENABLE_STRICT_OBJC_MSGSEND = YES;
				ENABLE_TESTABILITY = NO;
				GCC_C_LANGUAGE_STANDARD = gnu11;
				GCC_NO_COMMON_BLOCKS = YES;
				GCC_WARN_64_TO_32_BIT_CONVERSION = YES;
				GCC_WARN_ABOUT_RETURN_TYPE = YES_ERROR;
				GCC_WARN_UNDECLARED_SELECTOR = YES;
				GCC_WARN_UNINITIALIZED_AUTOS = YES_AGGRESSIVE;
				GCC_WARN_UNUSED_FUNCTION = YES;
				GCC_WARN_UNUSED_VARIABLE = YES;
				IPHONEOS_DEPLOYMENT_TARGET = 16.0;
				MTL_ENABLE_DEBUG_INFO = NO;
				MTL_FAST_MATH = YES;
				SDKROOT = iphoneos;
				SWIFT_COMPILATION_MODE = wholemodule;
				SWIFT_OPTIMIZATION_LEVEL = "-O";
				VALIDATE_PRODUCT = YES;
			};
			name = Release;
		};
		82C7BB6C294F267200B25CC2 /* Debug */ = {
			isa = XCBuildConfiguration;
			buildSettings = {
				ASSETCATALOG_COMPILER_APPICON_NAME = AppIcon;
				ASSETCATALOG_COMPILER_GLOBAL_ACCENT_COLOR_NAME = AccentColor;
				CODE_SIGN_STYLE = Automatic;
				CURRENT_PROJECT_VERSION = 1;
				DEVELOPMENT_ASSET_PATHS = "\"iOS-app-gym/Preview Content\"";
				DEVELOPMENT_TEAM = K3WQRH7ZG9;
				ENABLE_PREVIEWS = YES;
				GENERATE_INFOPLIST_FILE = YES;
				INFOPLIST_KEY_UIApplicationSceneManifest_Generation = YES;
				INFOPLIST_KEY_UIApplicationSupportsIndirectInputEvents = YES;
				INFOPLIST_KEY_UILaunchScreen_Generation = YES;
				INFOPLIST_KEY_UISupportedInterfaceOrientations_iPad = "UIInterfaceOrientationPortrait UIInterfaceOrientationPortraitUpsideDown UIInterfaceOrientationLandscapeLeft UIInterfaceOrientationLandscapeRight";
				INFOPLIST_KEY_UISupportedInterfaceOrientations_iPhone = "UIInterfaceOrientationPortrait UIInterfaceOrientationLandscapeLeft UIInterfaceOrientationLandscapeRight";
				LD_RUNPATH_SEARCH_PATHS = (
					"$(inherited)",
					"@executable_path/Frameworks",
				);
				MARKETING_VERSION = 1.0;
				PRODUCT_BUNDLE_IDENTIFIER = "be.hogent.student.deletter.damon.iOS-app-gym";
				PRODUCT_NAME = "$(TARGET_NAME)";
				SWIFT_EMIT_LOC_STRINGS = YES;
				SWIFT_VERSION = 5.0;
				TARGETED_DEVICE_FAMILY = "1,2";
			};
			name = Debug;
		};
		82C7BB6D294F267200B25CC2 /* Release */ = {
			isa = XCBuildConfiguration;
			buildSettings = {
				ASSETCATALOG_COMPILER_APPICON_NAME = AppIcon;
				ASSETCATALOG_COMPILER_GLOBAL_ACCENT_COLOR_NAME = AccentColor;
				CODE_SIGN_STYLE = Automatic;
				CURRENT_PROJECT_VERSION = 1;
				DEVELOPMENT_ASSET_PATHS = "\"iOS-app-gym/Preview Content\"";
				DEVELOPMENT_TEAM = K3WQRH7ZG9;
				ENABLE_PREVIEWS = YES;
				GENERATE_INFOPLIST_FILE = YES;
				INFOPLIST_KEY_UIApplicationSceneManifest_Generation = YES;
				INFOPLIST_KEY_UIApplicationSupportsIndirectInputEvents = YES;
				INFOPLIST_KEY_UILaunchScreen_Generation = YES;
				INFOPLIST_KEY_UISupportedInterfaceOrientations_iPad = "UIInterfaceOrientationPortrait UIInterfaceOrientationPortraitUpsideDown UIInterfaceOrientationLandscapeLeft UIInterfaceOrientationLandscapeRight";
				INFOPLIST_KEY_UISupportedInterfaceOrientations_iPhone = "UIInterfaceOrientationPortrait UIInterfaceOrientationLandscapeLeft UIInterfaceOrientationLandscapeRight";
				LD_RUNPATH_SEARCH_PATHS = (
					"$(inherited)",
					"@executable_path/Frameworks",
				);
				MARKETING_VERSION = 1.0;
				PRODUCT_BUNDLE_IDENTIFIER = "be.hogent.student.deletter.damon.iOS-app-gym";
				PRODUCT_NAME = "$(TARGET_NAME)";
				SWIFT_EMIT_LOC_STRINGS = YES;
				SWIFT_VERSION = 5.0;
				TARGETED_DEVICE_FAMILY = "1,2";
			};
			name = Release;
		};
/* End XCBuildConfiguration section */

/* Begin XCConfigurationList section */
		82C7BB58294F267100B25CC2 /* Build configuration list for PBXProject "iOS-app-gym" */ = {
			isa = XCConfigurationList;
			buildConfigurations = (
				82C7BB69294F267200B25CC2 /* Debug */,
				82C7BB6A294F267200B25CC2 /* Release */,
			);
			defaultConfigurationIsVisible = 0;
			defaultConfigurationName = Release;
		};
		82C7BB6B294F267200B25CC2 /* Build configuration list for PBXNativeTarget "iOS-app-gym" */ = {
			isa = XCConfigurationList;
			buildConfigurations = (
				82C7BB6C294F267200B25CC2 /* Debug */,
				82C7BB6D294F267200B25CC2 /* Release */,
			);
			defaultConfigurationIsVisible = 0;
			defaultConfigurationName = Release;
		};
/* End XCConfigurationList section */

/* Begin XCRemoteSwiftPackageReference section */
		82862D012952F9E40013275F /* XCRemoteSwiftPackageReference "rive-ios" */ = {
			isa = XCRemoteSwiftPackageReference;
			repositoryURL = "https://github.com/rive-app/rive-ios";
			requirement = {
				branch = main;
				kind = branch;
			};
		};
		82862D7829533B040013275F /* XCRemoteSwiftPackageReference "firebase-ios-sdk" */ = {
			isa = XCRemoteSwiftPackageReference;
			repositoryURL = "https://github.com/firebase/firebase-ios-sdk.git";
			requirement = {
				kind = upToNextMajorVersion;
				minimumVersion = 9.0.0;
			};
		};
		82862D8729535DA60013275F /* XCRemoteSwiftPackageReference "Kingfisher" */ = {
			isa = XCRemoteSwiftPackageReference;
			repositoryURL = "https://github.com/onevcat/Kingfisher.git";
			requirement = {
				kind = upToNextMajorVersion;
				minimumVersion = 7.0.0;
			};
		};
		82C147E02954BB2300050B8C /* XCRemoteSwiftPackageReference "SDWebImageSwiftUI" */ = {
			isa = XCRemoteSwiftPackageReference;
			repositoryURL = "https://github.com/SDWebImage/SDWebImageSwiftUI.git";
			requirement = {
				kind = upToNextMajorVersion;
				minimumVersion = 2.0.0;
			};
		};
/* End XCRemoteSwiftPackageReference section */

/* Begin XCSwiftPackageProductDependency section */
		82862D022952F9E40013275F /* RiveRuntime */ = {
			isa = XCSwiftPackageProductDependency;
			package = 82862D012952F9E40013275F /* XCRemoteSwiftPackageReference "rive-ios" */;
			productName = RiveRuntime;
		};
		82862D7929533B040013275F /* FirebaseAuth */ = {
			isa = XCSwiftPackageProductDependency;
			package = 82862D7829533B040013275F /* XCRemoteSwiftPackageReference "firebase-ios-sdk" */;
			productName = FirebaseAuth;
		};
		82862D7B29533B040013275F /* FirebaseDatabase */ = {
			isa = XCSwiftPackageProductDependency;
			package = 82862D7829533B040013275F /* XCRemoteSwiftPackageReference "firebase-ios-sdk" */;
			productName = FirebaseDatabase;
		};
		82862D7D29533B040013275F /* FirebaseFirestore */ = {
			isa = XCSwiftPackageProductDependency;
			package = 82862D7829533B040013275F /* XCRemoteSwiftPackageReference "firebase-ios-sdk" */;
			productName = FirebaseFirestore;
		};
		82862D7F29533B040013275F /* FirebaseFirestoreSwift */ = {
			isa = XCSwiftPackageProductDependency;
			package = 82862D7829533B040013275F /* XCRemoteSwiftPackageReference "firebase-ios-sdk" */;
			productName = FirebaseFirestoreSwift;
		};
		82862D8129533B040013275F /* FirebaseStorage */ = {
			isa = XCSwiftPackageProductDependency;
			package = 82862D7829533B040013275F /* XCRemoteSwiftPackageReference "firebase-ios-sdk" */;
			productName = FirebaseStorage;
		};
		82862D8829535DA60013275F /* Kingfisher */ = {
			isa = XCSwiftPackageProductDependency;
			package = 82862D8729535DA60013275F /* XCRemoteSwiftPackageReference "Kingfisher" */;
			productName = Kingfisher;
		};
		82C147E12954BB2300050B8C /* SDWebImageSwiftUI */ = {
			isa = XCSwiftPackageProductDependency;
			package = 82C147E02954BB2300050B8C /* XCRemoteSwiftPackageReference "SDWebImageSwiftUI" */;
			productName = SDWebImageSwiftUI;
		};
/* End XCSwiftPackageProductDependency section */
	};
	rootObject = 82C7BB55294F267100B25CC2 /* Project object */;
}
